<?xml version="1.0" encoding="utf-8"?>
<Project ToolsVersion="4.0" xmlns="http://schemas.microsoft.com/developer/msbuild/2003">
  <ItemGroup>
    <ClCompile Include="DbManager.cpp">
      <Filter>DB</Filter>
    </ClCompile>
    <ClCompile Include="Manager.cpp">
      <Filter>Manager</Filter>
    </ClCompile>
    <ClCompile Include="ServerSession.cpp">
      <Filter>Session</Filter>
    </ClCompile>
    <ClCompile Include="main.cpp">
      <Filter>Main</Filter>
    </ClCompile>
    <ClCompile Include="pch.cpp">
      <Filter>Main</Filter>
    </ClCompile>
    <ClCompile Include="PacketManager.cpp">
      <Filter>Packet</Filter>
    </ClCompile>
    <ClCompile Include="Login.cpp">
      <Filter>Packet</Filter>
    </ClCompile>
  </ItemGroup>
  <ItemGroup>
    <ClInclude Include="DbManager.h">
      <Filter>DB</Filter>
    </ClInclude>
    <ClInclude Include="Manager.h">
      <Filter>Manager</Filter>
    </ClInclude>
    <ClInclude Include="ServerSession.h">
      <Filter>Session</Filter>
    </ClInclude>
    <ClInclude Include="pch.h">
      <Filter>Main</Filter>
    </ClInclude>
    <ClInclude Include="PacketHandler.h">
      <Filter>Packet</Filter>
    </ClInclude>
    <ClInclude Include="PacketManager.h">
      <Filter>Packet</Filter>
    </ClInclude>
  </ItemGroup>
  <ItemGroup>
    <Filter Include="Main">
      <UniqueIdentifier>{c71f964a-dc6d-45eb-8bc3-a54f6d1eabd9}</UniqueIdentifier>
    </Filter>
    <Filter Include="DB">
      <UniqueIdentifier>{0e80fc33-c683-4993-a0eb-a5c023366c17}</UniqueIdentifier>
    </Filter>
    <Filter Include="Session">
      <UniqueIdentifier>{4e4bf33e-f641-4854-9670-db5b3902b7a0}</UniqueIdentifier>
    </Filter>
    <Filter Include="Manager">
      <UniqueIdentifier>{3feca526-9aad-4419-90ed-cf19a39bd09f}</UniqueIdentifier>
    </Filter>
    <Filter Include="Packet">
      <UniqueIdentifier>{ef1ffbef-0a3f-4321-ae24-cac1375e81c9}</UniqueIdentifier>
    </Filter>
  </ItemGroup>
</Project>