
Microsoft Visual Studio Solution File, Format Version 12.00
# Visual Studio 15
Project("{FAE04EC0-301F-11D3-BF4B-00C04F79EFBC}") = "Assembly-CSharp", "Assembly-CSharp.csproj", "{BC4956F9-F6E4-E62A-953F-C04FF496C851}"
EndProject
Project("{FAE04EC0-301F-11D3-BF4B-00C04F79EFBC}") = "Assembly-CSharp-Editor", "Assembly-CSharp-Editor.csproj", "{2BA1B461-021C-4C67-A289-17C2C0D05364}"
EndProject
Global
	GlobalSection(SolutionConfigurationPlatforms) = preSolution
		Debug|Any CPU = Debug|Any CPU
		Release|Any CPU = Release|Any CPU
	EndGlobalSection
	GlobalSection(ProjectConfigurationPlatforms) = postSolution
		{BC4956F9-F6E4-E62A-953F-C04FF496C851}.Debug|Any CPU.ActiveCfg = Debug|Any CPU
		{BC4956F9-F6E4-E62A-953F-C04FF496C851}.Debug|Any CPU.Build.0 = Debug|Any CPU
		{BC4956F9-F6E4-E62A-953F-C04FF496C851}.Release|Any CPU.ActiveCfg = Release|Any CPU
		{BC4956F9-F6E4-E62A-953F-C04FF496C851}.Release|Any CPU.Build.0 = Release|Any CPU
		{2BA1B461-021C-4C67-A289-17C2C0D05364}.Debug|Any CPU.ActiveCfg = Debug|Any CPU
		{2BA1B461-021C-4C67-A289-17C2C0D05364}.Debug|Any CPU.Build.0 = Debug|Any CPU
		{2BA1B461-021C-4C67-A289-17C2C0D05364}.Release|Any CPU.ActiveCfg = Release|Any CPU
		{2BA1B461-021C-4C67-A289-17C2C0D05364}.Release|Any CPU.Build.0 = Release|Any CPU
	EndGlobalSection
	GlobalSection(SolutionProperties) = preSolution
		HideSolutionNode = FALSE
	EndGlobalSection
EndGlobal
