<?xml version="1.0" encoding="utf-8"?>
<Project ToolsVersion="4.0" xmlns="http://schemas.microsoft.com/developer/msbuild/2003">
  <ItemGroup>
    <Filter Include="Main">
      <UniqueIdentifier>{9ade3fa2-9e4a-40c9-970c-09b1c4c76f4c}</UniqueIdentifier>
    </Filter>
    <Filter Include="Utils">
      <UniqueIdentifier>{7c3252fb-4596-4192-b8da-e6c5eb46cbc1}</UniqueIdentifier>
    </Filter>
    <Filter Include="Protocol">
      <UniqueIdentifier>{1e9a6080-8947-4aa1-a3cd-620079c06dd1}</UniqueIdentifier>
    </Filter>
    <Filter Include="Protocol\flatbuffers">
      <UniqueIdentifier>{8f43b912-e701-4a20-b8af-e8d65b2c3e33}</UniqueIdentifier>
    </Filter>
  </ItemGroup>
  <ItemGroup>
    <ClCompile Include="GameServer.cpp">
      <Filter>Main</Filter>
    </ClCompile>
    <ClCompile Include="pch.cpp">
      <Filter>Utils</Filter>
    </ClCompile>
    <ClCompile Include="ClientSession.cpp">
      <Filter>Main</Filter>
    </ClCompile>
    <ClCompile Include="ClientSessionManager.cpp">
      <Filter>Main</Filter>
    </ClCompile>
  </ItemGroup>
  <ItemGroup>
    <ClInclude Include="pch.h">
      <Filter>Utils</Filter>
    </ClInclude>
    <ClInclude Include="ClientSession.h">
      <Filter>Main</Filter>
    </ClInclude>
    <ClInclude Include="ClientSessionManager.h">
      <Filter>Main</Filter>
    </ClInclude>
    <ClInclude Include="PlayerInfo_generated.h">
      <Filter>Protocol</Filter>
    </ClInclude>
    <ClInclude Include="flatbuffers\allocator.h">
      <Filter>Protocol\flatbuffers</Filter>
    </ClInclude>
    <ClInclude Include="flatbuffers\array.h">
      <Filter>Protocol\flatbuffers</Filter>
    </ClInclude>
    <ClInclude Include="flatbuffers\base.h">
      <Filter>Protocol\flatbuffers</Filter>
    </ClInclude>
    <ClInclude Include="flatbuffers\buffer.h">
      <Filter>Protocol\flatbuffers</Filter>
    </ClInclude>
    <ClInclude Include="flatbuffers\buffer_ref.h">
      <Filter>Protocol\flatbuffers</Filter>
    </ClInclude>
    <ClInclude Include="flatbuffers\code_generator.h">
      <Filter>Protocol\flatbuffers</Filter>
    </ClInclude>
    <ClInclude Include="flatbuffers\code_generators.h">
      <Filter>Protocol\flatbuffers</Filter>
    </ClInclude>
    <ClInclude Include="flatbuffers\default_allocator.h">
      <Filter>Protocol\flatbuffers</Filter>
    </ClInclude>
    <ClInclude Include="flatbuffers\detached_buffer.h">
      <Filter>Protocol\flatbuffers</Filter>
    </ClInclude>
    <ClInclude Include="flatbuffers\file_manager.h">
      <Filter>Protocol\flatbuffers</Filter>
    </ClInclude>
    <ClInclude Include="flatbuffers\flatbuffer_builder.h">
      <Filter>Protocol\flatbuffers</Filter>
    </ClInclude>
    <ClInclude Include="flatbuffers\flatbuffers.h">
      <Filter>Protocol\flatbuffers</Filter>
    </ClInclude>
    <ClInclude Include="flatbuffers\flatc.h">
      <Filter>Protocol\flatbuffers</Filter>
    </ClInclude>
    <ClInclude Include="flatbuffers\pch\flatc_pch.h">
      <Filter>Protocol\flatbuffers</Filter>
    </ClInclude>
    <ClInclude Include="flatbuffers\flex_flat_util.h">
      <Filter>Protocol\flatbuffers</Filter>
    </ClInclude>
    <ClInclude Include="flatbuffers\flexbuffers.h">
      <Filter>Protocol\flatbuffers</Filter>
    </ClInclude>
    <ClInclude Include="flatbuffers\grpc.h">
      <Filter>Protocol\flatbuffers</Filter>
    </ClInclude>
    <ClInclude Include="flatbuffers\hash.h">
      <Filter>Protocol\flatbuffers</Filter>
    </ClInclude>
    <ClInclude Include="flatbuffers\idl.h">
      <Filter>Protocol\flatbuffers</Filter>
    </ClInclude>
    <ClInclude Include="flatbuffers\minireflect.h">
      <Filter>Protocol\flatbuffers</Filter>
    </ClInclude>
    <ClInclude Include="flatbuffers\pch\pch.h">
      <Filter>Protocol\flatbuffers</Filter>
    </ClInclude>
    <ClInclude Include="flatbuffers\reflection.h">
      <Filter>Protocol\flatbuffers</Filter>
    </ClInclude>
    <ClInclude Include="flatbuffers\reflection_generated.h">
      <Filter>Protocol\flatbuffers</Filter>
    </ClInclude>
    <ClInclude Include="flatbuffers\registry.h">
      <Filter>Protocol\flatbuffers</Filter>
    </ClInclude>
    <ClInclude Include="flatbuffers\stl_emulation.h">
      <Filter>Protocol\flatbuffers</Filter>
    </ClInclude>
    <ClInclude Include="flatbuffers\string.h">
      <Filter>Protocol\flatbuffers</Filter>
    </ClInclude>
    <ClInclude Include="flatbuffers\struct.h">
      <Filter>Protocol\flatbuffers</Filter>
    </ClInclude>
    <ClInclude Include="flatbuffers\table.h">
      <Filter>Protocol\flatbuffers</Filter>
    </ClInclude>
    <ClInclude Include="flatbuffers\util.h">
      <Filter>Protocol\flatbuffers</Filter>
    </ClInclude>
    <ClInclude Include="flatbuffers\vector.h">
      <Filter>Protocol\flatbuffers</Filter>
    </ClInclude>
    <ClInclude Include="flatbuffers\vector_downward.h">
      <Filter>Protocol\flatbuffers</Filter>
    </ClInclude>
    <ClInclude Include="flatbuffers\verifier.h">
      <Filter>Protocol\flatbuffers</Filter>
    </ClInclude>
  </ItemGroup>
</Project>