<?xml version="1.0" encoding="utf-8"?>
<Project ToolsVersion="4.0" xmlns="http://schemas.microsoft.com/developer/msbuild/2003">
  <ItemGroup>
    <Filter Include="Main">
      <UniqueIdentifier>{9ade3fa2-9e4a-40c9-970c-09b1c4c76f4c}</UniqueIdentifier>
    </Filter>
    <Filter Include="Utils">
      <UniqueIdentifier>{7c3252fb-4596-4192-b8da-e6c5eb46cbc1}</UniqueIdentifier>
    </Filter>
    <Filter Include="Protocol">
      <UniqueIdentifier>{0695a9b4-9e6b-4738-9545-67571be32012}</UniqueIdentifier>
    </Filter>
    <Filter Include="Packet">
      <UniqueIdentifier>{0d7119ac-bc51-4b60-85a7-93e7a94a0b3c}</UniqueIdentifier>
    </Filter>
    <Filter Include="Session">
      <UniqueIdentifier>{6301bebd-d294-4b5f-877a-3e4bff8a5d23}</UniqueIdentifier>
    </Filter>
    <Filter Include="Game">
      <UniqueIdentifier>{ec8baaa4-0402-4687-8f7a-04324dd6677c}</UniqueIdentifier>
    </Filter>
    <Filter Include="Game\Room">
      <UniqueIdentifier>{2ae8cc30-ee0a-4a6f-9e8d-d390f0037379}</UniqueIdentifier>
    </Filter>
    <Filter Include="Game\Object">
      <UniqueIdentifier>{9bca5421-e233-4419-ab1f-83ddaf4302d9}</UniqueIdentifier>
    </Filter>
    <Filter Include="Data">
      <UniqueIdentifier>{f2e5e3c6-4aeb-4446-90a3-78e41cc42cd5}</UniqueIdentifier>
    </Filter>
    <Filter Include="Game\Item">
      <UniqueIdentifier>{87f9bcdb-ce7e-472e-bf8d-399f40c1753a}</UniqueIdentifier>
    </Filter>
    <Filter Include="Game\Job">
      <UniqueIdentifier>{531e3350-6d15-4cb7-b777-ea79513f2049}</UniqueIdentifier>
    </Filter>
  </ItemGroup>
  <ItemGroup>
    <ClCompile Include="GameServer.cpp">
      <Filter>Main</Filter>
    </ClCompile>
    <ClCompile Include="pch.cpp">
      <Filter>Utils</Filter>
    </ClCompile>
    <ClCompile Include="PacketHandler.cpp">
      <Filter>Packet</Filter>
    </ClCompile>
    <ClCompile Include="PacketManager.cpp">
      <Filter>Packet</Filter>
    </ClCompile>
    <ClCompile Include="ClientSession.cpp">
      <Filter>Session</Filter>
    </ClCompile>
    <ClCompile Include="ClientSessionManager.cpp">
      <Filter>Session</Filter>
    </ClCompile>
    <ClCompile Include="DBSession.cpp">
      <Filter>Session</Filter>
    </ClCompile>
    <ClCompile Include="RoomManager.cpp">
      <Filter>Game\Room</Filter>
    </ClCompile>
    <ClCompile Include="GameRoom.cpp">
      <Filter>Game\Room</Filter>
    </ClCompile>
    <ClCompile Include="Map.cpp">
      <Filter>Game\Room</Filter>
    </ClCompile>
    <ClCompile Include="GameObject.cpp">
      <Filter>Game\Object</Filter>
    </ClCompile>
    <ClCompile Include="Monster.cpp">
      <Filter>Game\Object</Filter>
    </ClCompile>
    <ClCompile Include="Player.cpp">
      <Filter>Game\Object</Filter>
    </ClCompile>
    <ClCompile Include="ObjectManager.cpp">
      <Filter>Game\Object</Filter>
    </ClCompile>
    <ClCompile Include="DataManager.cpp">
      <Filter>Data</Filter>
    </ClCompile>
    <ClCompile Include="ConfigManager.cpp">
      <Filter>Data</Filter>
    </ClCompile>
    <ClCompile Include="StringConverter.cpp">
      <Filter>Utils</Filter>
    </ClCompile>
    <ClCompile Include="ContentsData.cpp">
      <Filter>Data</Filter>
    </ClCompile>
    <ClCompile Include="Projectile.cpp">
      <Filter>Game\Object</Filter>
    </ClCompile>
    <ClCompile Include="Login.cpp">
      <Filter>Packet</Filter>
    </ClCompile>
    <ClCompile Include="Item.cpp">
      <Filter>Game\Item</Filter>
    </ClCompile>
    <ClCompile Include="ItemManager.cpp">
      <Filter>Game\Item</Filter>
    </ClCompile>
    <ClCompile Include="Job.cpp">
      <Filter>Game\Job</Filter>
    </ClCompile>
    <ClCompile Include="Heartbeat.cpp">
      <Filter>Packet</Filter>
    </ClCompile>
  </ItemGroup>
  <ItemGroup>
    <ClInclude Include="pch.h">
      <Filter>Utils</Filter>
    </ClInclude>
    <ClInclude Include="PacketHandler.h">
      <Filter>Packet</Filter>
    </ClInclude>
    <ClInclude Include="PacketManager.h">
      <Filter>Packet</Filter>
    </ClInclude>
    <ClInclude Include="ClientSessionManager.h">
      <Filter>Session</Filter>
    </ClInclude>
    <ClInclude Include="ClientSession.h">
      <Filter>Session</Filter>
    </ClInclude>
    <ClInclude Include="DBSession.h">
      <Filter>Session</Filter>
    </ClInclude>
    <ClInclude Include="RoomManager.h">
      <Filter>Game\Room</Filter>
    </ClInclude>
    <ClInclude Include="GameRoom.h">
      <Filter>Game\Room</Filter>
    </ClInclude>
    <ClInclude Include="Map.h">
      <Filter>Game\Room</Filter>
    </ClInclude>
    <ClInclude Include="GameObject.h">
      <Filter>Game\Object</Filter>
    </ClInclude>
    <ClInclude Include="Monster.h">
      <Filter>Game\Object</Filter>
    </ClInclude>
    <ClInclude Include="Player.h">
      <Filter>Game\Object</Filter>
    </ClInclude>
    <ClInclude Include="ObjectManager.h">
      <Filter>Game\Object</Filter>
    </ClInclude>
    <ClInclude Include="Chat_generated.h">
      <Filter>Protocol</Filter>
    </ClInclude>
    <ClInclude Include="DataManager.h">
      <Filter>Data</Filter>
    </ClInclude>
    <ClInclude Include="ConfigManager.h">
      <Filter>Data</Filter>
    </ClInclude>
    <ClInclude Include="StringConverter.h">
      <Filter>Utils</Filter>
    </ClInclude>
    <ClInclude Include="ContentsData.h">
      <Filter>Data</Filter>
    </ClInclude>
    <ClInclude Include="Projectile.h">
      <Filter>Game\Object</Filter>
    </ClInclude>
    <ClInclude Include="Login_generated.h">
      <Filter>Protocol</Filter>
    </ClInclude>
    <ClInclude Include="Item.h">
      <Filter>Game\Item</Filter>
    </ClInclude>
    <ClInclude Include="ItemManager.h">
      <Filter>Game\Item</Filter>
    </ClInclude>
    <ClInclude Include="Protocol_generated.h">
      <Filter>Protocol</Filter>
    </ClInclude>
    <ClInclude Include="InGame_generated.h">
      <Filter>Protocol</Filter>
    </ClInclude>
    <ClInclude Include="Job.h">
      <Filter>Game\Job</Filter>
    </ClInclude>
  </ItemGroup>
</Project>